schema: '2.0'
stages:
  quality_gate:
    cmd: uv run python dvc_gate_stage.py
    deps:
    - path: ../reports/quality.json
      hash: md5
      md5: 042bdd8c17dada05ad94ab21c7c6196e
      size: 27077
    outs:
    - path: ../reports/.quality_gate.passed
      hash: md5
      md5: df7270ac1a00ae2b054e3a00a7af435c
      size: 8
  projections:
    cmd: uv run python dvc_projections_stage.py
    deps:
    - path: ../data/raw/annotations
      hash: md5
      md5: c7cb86ae7ece94ef7b853620e464a4d7.dir
      size: 256669
      nfiles: 10
    - path: ../data/raw/images
      hash: md5
      md5: 951150dd4fb053f4665089fcb37a1c87.dir
      size: 13556278
      nfiles: 600
    - path: analyzers/base.py
      hash: md5
      md5: 20e5bf946dc5c89373db4fcf3a1b4c40
      size: 229
    - path: dvc_projections_stage.py
      hash: md5
      md5: 55105135a3aab9c8c312d10b28ba518d
      size: 1115
    - path: ingestion/__init__.py
      hash: md5
      md5: 348c29beb25cb2c7bdd00120146d1ec6
      size: 220
    - path: ingestion/loader.py
      hash: md5
      md5: 8aaaf4589a0eaaa1e30088775842067a
      size: 2686
    - path: ingestion/models.py
      hash: md5
      md5: 2623bd72e7f8719bde6c7d8354f84eeb
      size: 3297
    - path: policies/models.py
      hash: md5
      md5: 70949f1ba9c5a605b6546d8f7fcac524
      size: 1448
    - path: policies/quality.yaml
      hash: md5
      md5: a32bf97c1ece8d78f06703b8a9c3f498
      size: 1306
    - path: presentation/__init__.py
      hash: md5
      md5: 7867f173e84e7d9c8bf8c089532208dd
      size: 223
    - path: presentation/contracts.py
      hash: md5
      md5: e1369c0008df2568dbaebb70ccbd2fb0
      size: 3671
    - path: presentation/projections.py
      hash: md5
      md5: e22a43a22f561ac338d0f803a210c899
      size: 4343
    - path: presentation/projections_contracts.py
      hash: md5
      md5: fc00c1b0c26481db192d510eda303ac6
      size: 3317
    - path: projections/__init__.py
      hash: md5
      md5: 0cccdddc8556f87a5c64f6db902fdecb
      size: 91
    - path: projections/compute.py
      hash: md5
      md5: 09c9254ae828cb63242b100b22fa8c50
      size: 4185
    - path: projections/models.py
      hash: md5
      md5: fb148f201d93f709f7d7da7317b92f5d
      size: 2350
    - path: pyproject.toml
      hash: md5
      md5: 21cc15174ff6bec340db6aa3265ae084
      size: 1282
    - path: storage/settings.py
      hash: md5
      md5: dfad2f55c15d16aafa437f9120049a5b
      size: 4232
    - path: uv.lock
      hash: md5
      md5: 7a9d68823b5f96fcf748c242b04b3336
      size: 115301
    params:
      projections/projections.yaml:
        dataset_version: local-dev
        features:
          representation: rgb_pixels
          width: 16
          height: 16
          channels: 3
          resize_filter: LANCZOS
          exif_orientation: transpose
          normalization: divide_by_255
        pca:
          n_components: 2
          svd_solver: full
          whiten: false
        tsne:
          n_components: 2
          random_state: 42
          init: pca
          learning_rate: auto
          max_iter: 1000
          perplexity: 30.0
          method: barnes_hut
    outs:
    - path: ../reports/projections.json
      hash: md5
      md5: ca8496e813c04250f502757fe5379cc8
      size: 241755
  quality_report:
    cmd: uv run python dvc_quality_report_stage.py
    deps:
    - path: ../data/raw/annotations
      hash: md5
      md5: c7cb86ae7ece94ef7b853620e464a4d7.dir
      size: 256669
      nfiles: 10
    - path: ../data/raw/images
      hash: md5
      md5: 951150dd4fb053f4665089fcb37a1c87.dir
      size: 13556278
      nfiles: 600
    - path: analyzers
      hash: md5
      md5: a62d8df9cb30be57d7172f9cdadc58bc.dir
      size: 63424
      nfiles: 17
    - path: dvc_quality_report_stage.py
      hash: md5
      md5: fbc5e23fc611e984b3504f326e898b21
      size: 785
    - path: ingestion
      hash: md5
      md5: 2cde3c77889cf7e9d9303a3d1bfbc1d0.dir
      size: 17833
      nfiles: 7
    - path: policies
      hash: md5
      md5: 6ec8913733bac171a8aafc9005b53260.dir
      size: 12164
      nfiles: 14
    - path: presentation/contracts.py
      hash: md5
      md5: e1369c0008df2568dbaebb70ccbd2fb0
      size: 3671
    - path: presentation/gate.py
      hash: md5
      md5: 1ea052562871546c62ab7823c4f5cdcc
      size: 8890
    - path: splits/__init__.py
      hash: md5
      md5: a46b91acd643cdbea84fbd902a6e825e
      size: 146
    - path: splits/models.py
      hash: md5
      md5: 759fb195a02f56cc4b1f18050a993006
      size: 1327
    - path: splits/stratified.py
      hash: md5
      md5: 9416c09c0fd49bfc4fc4d6f91d6b91e5
      size: 12792
    - path: storage/settings.py
      hash: md5
      md5: dfad2f55c15d16aafa437f9120049a5b
      size: 4232
    params:
      splits/splits.yaml:
        seed: 42
        test: 0.15
        train: 0.7
        val: 0.15
    outs:
    - path: ../reports/quality.json
      hash: md5
      md5: 042bdd8c17dada05ad94ab21c7c6196e
      size: 27077
  split:
    cmd: uv run python dvc_split_stage.py
    deps:
    - path: ../data/raw/annotations
      hash: md5
      md5: c7cb86ae7ece94ef7b853620e464a4d7.dir
      size: 256669
      nfiles: 10
    - path: ../data/raw/images
      hash: md5
      md5: 951150dd4fb053f4665089fcb37a1c87.dir
      size: 13556278
      nfiles: 600
    - path: ../reports/.quality_gate.passed
      hash: md5
      md5: df7270ac1a00ae2b054e3a00a7af435c
      size: 8
    - path: analyzers
      hash: md5
      md5: a62d8df9cb30be57d7172f9cdadc58bc.dir
      size: 63424
      nfiles: 17
    - path: dvc_split_stage.py
      hash: md5
      md5: 2665ee9e40492022221a2d869a932674
      size: 1216
    - path: ingestion
      hash: md5
      md5: 2cde3c77889cf7e9d9303a3d1bfbc1d0.dir
      size: 17833
      nfiles: 7
    - path: policies
      hash: md5
      md5: 6ec8913733bac171a8aafc9005b53260.dir
      size: 12164
      nfiles: 14
    - path: presentation/contracts.py
      hash: md5
      md5: e1369c0008df2568dbaebb70ccbd2fb0
      size: 3671
    - path: presentation/gate.py
      hash: md5
      md5: 1ea052562871546c62ab7823c4f5cdcc
      size: 8890
    - path: presentation/splits.py
      hash: md5
      md5: 5e88eeb9dfd2c8630966c5f9e5f92c8f
      size: 978
    - path: splits
      hash: md5
      md5: 9bec0058ec1faedf6e333c258fbafdaf.dir
      size: 46743
      nfiles: 8
    - path: storage/settings.py
      hash: md5
      md5: dfad2f55c15d16aafa437f9120049a5b
      size: 4232
    outs:
    - path: ../reports/splits.json
      hash: md5
      md5: 48b9eb3b0d6cfeb2ac233e0029fcf114
      size: 327
